
Microsoft Visual Studio Solution File, Format Version 12.00
# Visual Studio Version 17
VisualStudioVersion = 17.10.35013.160
MinimumVisualStudioVersion = 10.0.40219.1
Project("{9A19103F-16F7-4668-BE54-9A1E7A4F7556}") = "UserManagement.API", "EventTracker\UserManagement.API.csproj", "{388F0D4C-C618-4E8F-BEDB-7A0269275BB4}"
EndProject
Project("{9A19103F-16F7-4668-BE54-9A1E7A4F7556}") = "UserManagment.Service", "UMenagmentService\UserManagment.Service.csproj", "{4F6CBA43-B233-41C9-9C7F-5544EE16DF72}"
EndProject
Project("{FAE04EC0-301F-11D3-BF4B-00C04F79EFBC}") = "UserManagement.Data", "User.Management.Data\UserManagement.Data.csproj", "{7623D6DA-E35E-4BA7-AE77-29D802CFF20A}"
EndProject
Global
	GlobalSection(SolutionConfigurationPlatforms) = preSolution
		Debug|Any CPU = Debug|Any CPU
		Release|Any CPU = Release|Any CPU
	EndGlobalSection
	GlobalSection(ProjectConfigurationPlatforms) = postSolution
		{388F0D4C-C618-4E8F-BEDB-7A0269275BB4}.Debug|Any CPU.ActiveCfg = Debug|Any CPU
		{388F0D4C-C618-4E8F-BEDB-7A0269275BB4}.Debug|Any CPU.Build.0 = Debug|Any CPU
		{388F0D4C-C618-4E8F-BEDB-7A0269275BB4}.Release|Any CPU.ActiveCfg = Release|Any CPU
		{388F0D4C-C618-4E8F-BEDB-7A0269275BB4}.Release|Any CPU.Build.0 = Release|Any CPU
		{4F6CBA43-B233-41C9-9C7F-5544EE16DF72}.Debug|Any CPU.ActiveCfg = Debug|Any CPU
		{4F6CBA43-B233-41C9-9C7F-5544EE16DF72}.Debug|Any CPU.Build.0 = Debug|Any CPU
		{4F6CBA43-B233-41C9-9C7F-5544EE16DF72}.Release|Any CPU.ActiveCfg = Release|Any CPU
		{4F6CBA43-B233-41C9-9C7F-5544EE16DF72}.Release|Any CPU.Build.0 = Release|Any CPU
		{7623D6DA-E35E-4BA7-AE77-29D802CFF20A}.Debug|Any CPU.ActiveCfg = Debug|Any CPU
		{7623D6DA-E35E-4BA7-AE77-29D802CFF20A}.Debug|Any CPU.Build.0 = Debug|Any CPU
		{7623D6DA-E35E-4BA7-AE77-29D802CFF20A}.Release|Any CPU.ActiveCfg = Release|Any CPU
		{7623D6DA-E35E-4BA7-AE77-29D802CFF20A}.Release|Any CPU.Build.0 = Release|Any CPU
	EndGlobalSection
	GlobalSection(SolutionProperties) = preSolution
		HideSolutionNode = FALSE
	EndGlobalSection
	GlobalSection(ExtensibilityGlobals) = postSolution
		SolutionGuid = {902727A8-ABE6-4628-9A1C-0DC821A5F64F}
	EndGlobalSection
EndGlobal
